
Microsoft Visual Studio Solution File, Format Version 12.00
# Visual Studio Version 17
VisualStudioVersion = 17.5.33530.505
MinimumVisualStudioVersion = 10.0.40219.1
Project("{FAE04EC0-301F-11D3-BF4B-00C04F79EFBC}") = "BlazorBootstrapServerApp", "BlazorBootstrapServerApp.csproj", "{C5CF40A1-91EF-4F66-A978-6F7E1756F60E}"
EndProject
Global
	GlobalSection(SolutionConfigurationPlatforms) = preSolution
		Debug|Any CPU = Debug|Any CPU
		Release|Any CPU = Release|Any CPU
	EndGlobalSection
	GlobalSection(ProjectConfigurationPlatforms) = postSolution
		{C5CF40A1-91EF-4F66-A978-6F7E1756F60E}.Debug|Any CPU.ActiveCfg = Debug|Any CPU
		{C5CF40A1-91EF-4F66-A978-6F7E1756F60E}.Debug|Any CPU.Build.0 = Debug|Any CPU
		{C5CF40A1-91EF-4F66-A978-6F7E1756F60E}.Release|Any CPU.ActiveCfg = Release|Any CPU
		{C5CF40A1-91EF-4F66-A978-6F7E1756F60E}.Release|Any CPU.Build.0 = Release|Any CPU
	EndGlobalSection
	GlobalSection(SolutionProperties) = preSolution
		HideSolutionNode = FALSE
	EndGlobalSection
	GlobalSection(ExtensibilityGlobals) = postSolution
		SolutionGuid = {86B05CE8-E80B-4E59-A352-05214B7CC5AD}
	EndGlobalSection
EndGlobal
