
Microsoft Visual Studio Solution File, Format Version 12.00
# Visual Studio Version 17
VisualStudioVersion = 17.5.33530.505
MinimumVisualStudioVersion = 10.0.40219.1
Project("{FAE04EC0-301F-11D3-BF4B-00C04F79EFBC}") = "BlazorBootstrapWebAssemblyMSIdentityApp", "BlazorBootstrapWebAssemblyMSIdentityApp.csproj", "{0CC340ED-CF77-4B6A-976D-CFE209E7E9A8}"
EndProject
Global
	GlobalSection(SolutionConfigurationPlatforms) = preSolution
		Debug|Any CPU = Debug|Any CPU
		Release|Any CPU = Release|Any CPU
	EndGlobalSection
	GlobalSection(ProjectConfigurationPlatforms) = postSolution
		{0CC340ED-CF77-4B6A-976D-CFE209E7E9A8}.Debug|Any CPU.ActiveCfg = Debug|Any CPU
		{0CC340ED-CF77-4B6A-976D-CFE209E7E9A8}.Debug|Any CPU.Build.0 = Debug|Any CPU
		{0CC340ED-CF77-4B6A-976D-CFE209E7E9A8}.Release|Any CPU.ActiveCfg = Release|Any CPU
		{0CC340ED-CF77-4B6A-976D-CFE209E7E9A8}.Release|Any CPU.Build.0 = Release|Any CPU
	EndGlobalSection
	GlobalSection(SolutionProperties) = preSolution
		HideSolutionNode = FALSE
	EndGlobalSection
	GlobalSection(ExtensibilityGlobals) = postSolution
		SolutionGuid = {4A89BCDD-9151-4B46-B61C-9EFDE9898CD0}
	EndGlobalSection
EndGlobal
